
Microsoft Visual Studio Solution File, Format Version 11.00
# Visual Studio 2010
Project("{F184B08F-C81C-45F6-A57F-5ABD9991F28F}") = "Face Recognition", "Face Recognition\Face Recognition.vbproj", "{0478C0B3-3A27-461D-89AE-6D1A08F95CED}"
EndProject
Global
	GlobalSection(SolutionConfigurationPlatforms) = preSolution
		Debug|x86 = Debug|x86
		Release|x86 = Release|x86
	EndGlobalSection
	GlobalSection(ProjectConfigurationPlatforms) = postSolution
		{0478C0B3-3A27-461D-89AE-6D1A08F95CED}.Debug|x86.ActiveCfg = Debug|x86
		{0478C0B3-3A27-461D-89AE-6D1A08F95CED}.Debug|x86.Build.0 = Debug|x86
		{0478C0B3-3A27-461D-89AE-6D1A08F95CED}.Release|x86.ActiveCfg = Release|x86
		{0478C0B3-3A27-461D-89AE-6D1A08F95CED}.Release|x86.Build.0 = Release|x86
	EndGlobalSection
	GlobalSection(SolutionProperties) = preSolution
		HideSolutionNode = FALSE
	EndGlobalSection
EndGlobal
